# THIS IS AN AUTOGENERATED FILE. DO NOT EDIT THIS FILE DIRECTLY.
# yarn lockfile v1


bulma@^0.9.2:
  version "0.9.2"
  resolved "https://registry.npmjs.org/bulma/-/bulma-0.9.2.tgz"
  integrity sha512-e14EF+3VSZ488yL/lJH0tR8mFWiEQVCMi/BQUMi2TGMBOk+zrDg4wryuwm/+dRSHJw0gMawp2tsW7X1JYUCE3A==

jquery@>=1.7.2:
  version "3.6.0"
  resolved "https://registry.yarnpkg.com/jquery/-/jquery-3.6.0.tgz#c72a09f15c1bdce142f49dbf1170bdf8adac2470"
  integrity sha512-JVzAR/AjBvVt2BmYhxRCSYysDsPcssdmTFnzyLEts9qNwmjmu4JTAMYubEfwVOSwpQ1I1sKKFcxhZCI2buerfw==

slick-carousel-no-fonts@^1.6.0:
  version "1.6.0"
  resolved "https://registry.yarnpkg.com/slick-carousel-no-fonts/-/slick-carousel-no-fonts-1.6.0.tgz#4a240ccfcec19385b3af2ba0abdeaccd95c3ee86"
  integrity sha1-SiQMz87Bk4Wzryugq96szZXD7oY=
  dependencies:
    jquery ">=1.7.2"
